
Microsoft Visual Studio Solution File, Format Version 12.00
# Visual Studio Version 16
VisualStudioVersion = 16.0.29926.136
MinimumVisualStudioVersion = 10.0.40219.1
Project("{9A19103F-16F7-4668-BE54-9A1E7A4F7556}") = "slx.auto.com.host", "slx.auto.com.host\slx.auto.com.host.csproj", "{D202F9E5-FDFE-4547-861C-9FB3F0144DB4}"
EndProject
Project("{9A19103F-16F7-4668-BE54-9A1E7A4F7556}") = "slx.auto.com", "slx.auto.com\slx.auto.com.csproj", "{A6E39205-039C-4F91-A409-9CF08BE7AED0}"
EndProject
Project("{9A19103F-16F7-4668-BE54-9A1E7A4F7556}") = "WebApplication1", "WebApplication1\WebApplication1.csproj", "{99B0E852-AE74-4B23-A3BD-F2BA89448B79}"
EndProject
Project("{9A19103F-16F7-4668-BE54-9A1E7A4F7556}") = "slx.auto.com.api", "slx.auto.com.api\slx.auto.com.api.csproj", "{6A45C7B6-F2DF-4BB1-A9EB-3C491DBCB14F}"
EndProject
Project("{9A19103F-16F7-4668-BE54-9A1E7A4F7556}") = "slx.auto.com.service", "slx.auto.com.service\slx.auto.com.service.csproj", "{F5C57D10-7DCA-471E-923B-572AF7B8CC2D}"
EndProject
Project("{9A19103F-16F7-4668-BE54-9A1E7A4F7556}") = "slx.auto.com.iservice", "slx.auto.com.iservice\slx.auto.com.iservice.csproj", "{06F691EB-18BF-477D-82B8-F4C1A48B5E8B}"
EndProject
Project("{2150E333-8FDC-42A3-9474-1A3956D46DE8}") = "test", "test", "{28B51768-F2B6-475F-A983-0E1A6F8948C3}"
EndProject
Project("{9A19103F-16F7-4668-BE54-9A1E7A4F7556}") = "Hello", "Hello\Hello.csproj", "{E4B245E9-312D-4004-8C5A-CEE94A231B08}"
EndProject
Project("{9A19103F-16F7-4668-BE54-9A1E7A4F7556}") = "IdentityServer4", "IdentityServer4\IdentityServer4.csproj", "{F556606C-75E5-4711-B4FA-E7F449E1BE14}"
EndProject
Project("{9A19103F-16F7-4668-BE54-9A1E7A4F7556}") = "slx.auto.com.eventbus", "slx.auto.com.eventbus\slx.auto.com.eventbus.csproj", "{337DDAD3-E6C1-4A29-85F5-FACE3807F4D9}"
EndProject
Project("{9A19103F-16F7-4668-BE54-9A1E7A4F7556}") = "EventBus_Test", "EventBus_Test\EventBus_Test.csproj", "{4B84C473-3A43-428A-B917-25BFF6C47CE3}"
EndProject
Project("{9A19103F-16F7-4668-BE54-9A1E7A4F7556}") = "RabbitTest", "RabbitTest\RabbitTest.csproj", "{8F3F9A32-A036-40CF-8A84-7EA29219891D}"
EndProject
Project("{9A19103F-16F7-4668-BE54-9A1E7A4F7556}") = "EmitLogTopic", "EmitLogTopic\EmitLogTopic.csproj", "{334452B4-5FAF-43E4-8A12-496CC5ADC5B7}"
EndProject
Project("{9A19103F-16F7-4668-BE54-9A1E7A4F7556}") = "ReceiveLogsTopic", "ReceiveLogsTopic\ReceiveLogsTopic.csproj", "{2C3DCE42-512F-40A3-BFCA-1F8CA463BE7B}"
EndProject
Project("{9A19103F-16F7-4668-BE54-9A1E7A4F7556}") = "Rabbit.Test", "Rabbit.Test\Rabbit.Test.csproj", "{07A2082B-908A-4AE9-9821-9FD3A470FED6}"
EndProject
Project("{9A19103F-16F7-4668-BE54-9A1E7A4F7556}") = "Observer", "Observer\Observer.csproj", "{5CAA61AD-987C-41F1-8E29-67923F61EC3C}"
EndProject
Project("{9A19103F-16F7-4668-BE54-9A1E7A4F7556}") = "slx.auto.com.cookie", "slx.auto.com.cookie\slx.auto.com.cookie.csproj", "{85238CE7-D0B6-4CEC-89FB-8DB9D19DA53C}"
EndProject
Project("{9A19103F-16F7-4668-BE54-9A1E7A4F7556}") = "slx.auto.com.OAuth", "slx.auto.com.OAuth\slx.auto.com.OAuth.csproj", "{8827344D-6AED-41CA-AD71-C4D124A23CB6}"
EndProject
Project("{9A19103F-16F7-4668-BE54-9A1E7A4F7556}") = "slx.auto.com.JwtBearer", "slx.auto.com.JwtBearer\slx.auto.com.JwtBearer.csproj", "{FE83D56E-1510-473B-ABA3-247BDEF75EC9}"
EndProject
Project("{9A19103F-16F7-4668-BE54-9A1E7A4F7556}") = "WebApplication2", "WebApplication2\WebApplication2.csproj", "{BA1A96DD-13E2-4322-8FF9-A19CC72836BC}"
EndProject
Project("{9A19103F-16F7-4668-BE54-9A1E7A4F7556}") = "ElasticSearch", "ElasticSearch\ElasticSearch.csproj", "{3EF6C39A-7B4B-4E15-841C-AF3821FA44A5}"
EndProject
Project("{9A19103F-16F7-4668-BE54-9A1E7A4F7556}") = "DomeTest", "DomeTest\DomeTest.csproj", "{F4061AE2-D682-42D5-8F49-5DB43B7831F2}"
EndProject
Project("{9A19103F-16F7-4668-BE54-9A1E7A4F7556}") = "DemoTestUnitTest", "DemoTestUnitTest\DemoTestUnitTest.csproj", "{AB5F1C0A-A472-4E02-9B8A-F39ED9BF035D}"
EndProject
Project("{9A19103F-16F7-4668-BE54-9A1E7A4F7556}") = "WebApplication3", "WebApplication3\WebApplication3.csproj", "{CD95E6B6-6F58-48DC-A75A-05CC3F85556A}"
EndProject
Project("{FAE04EC0-301F-11D3-BF4B-00C04F79EFBC}") = "Rose", "Rose\Rose.csproj", "{148C8768-7790-435F-883B-66AB368DBB8B}"
EndProject
Project("{9A19103F-16F7-4668-BE54-9A1E7A4F7556}") = "NBALive", "NBALive\NBALive.csproj", "{3C0B9770-4474-4624-AE46-FAA36C916E1E}"
EndProject
Project("{9A19103F-16F7-4668-BE54-9A1E7A4F7556}") = "扎金花", "扎金花\扎金花.csproj", "{89C50E02-7CE9-4E25-AE53-099A362030BA}"
EndProject
Project("{9A19103F-16F7-4668-BE54-9A1E7A4F7556}") = "回文串", "回文串\回文串.csproj", "{6C28A8B7-691A-4BDE-889D-816B15A68BF3}"
EndProject
Project("{9A19103F-16F7-4668-BE54-9A1E7A4F7556}") = "升级之路", "升级之路\升级之路.csproj", "{ACE0F912-9D9C-4359-9EBC-593EAD064685}"
EndProject
Project("{9A19103F-16F7-4668-BE54-9A1E7A4F7556}") = "字符集合", "字符集合\字符集合.csproj", "{4CCDE1C3-DB38-4A0A-B840-25A04956A08A}"
EndProject
Project("{9A19103F-16F7-4668-BE54-9A1E7A4F7556}") = "楚楚街2016招聘笔试（解密）", "楚楚街2016招聘笔试（解密）\楚楚街2016招聘笔试（解密）.csproj", "{82680E09-988E-4C23-A899-E7D8AB439512}"
EndProject
Project("{9A19103F-16F7-4668-BE54-9A1E7A4F7556}") = "中介者", "中介者\中介者.csproj", "{BF6C663B-306A-437B-9926-D21C7965845F}"
EndProject
Project("{2150E333-8FDC-42A3-9474-1A3956D46DE8}") = "LeetCode", "LeetCode", "{1691693C-03FC-4F78-9382-24CE66D286D9}"
EndProject
Project("{9A19103F-16F7-4668-BE54-9A1E7A4F7556}") = "StringTrain", "StringTrain\StringTrain.csproj", "{373B7918-32E8-477B-BC58-C9E2441EFB4D}"
EndProject
Project("{9A19103F-16F7-4668-BE54-9A1E7A4F7556}") = "MediatRTest", "MediatRTest\MediatRTest.csproj", "{EA75C0B6-7C03-40CB-8C57-2EF5426A0569}"
EndProject
Project("{9A19103F-16F7-4668-BE54-9A1E7A4F7556}") = "StackTraining", "StackTraining\StackTraining.csproj", "{7577CCBC-9B37-4F6F-8F4B-E7EB701CB9EB}"
EndProject
Project("{9A19103F-16F7-4668-BE54-9A1E7A4F7556}") = "观察者", "观察者\观察者.csproj", "{FBD834FC-7D63-4820-AA05-77ECF840E792}"
EndProject
Project("{9A19103F-16F7-4668-BE54-9A1E7A4F7556}") = "排序算法", "排序算法\排序算法.csproj", "{CC6618BC-7DA9-4487-A302-8DCB947C6EDA}"
EndProject
Project("{9A19103F-16F7-4668-BE54-9A1E7A4F7556}") = "DelegaetDemo", "DelegaetDemo\DelegaetDemo.csproj", "{9FA86B45-37D9-478D-B875-EDF029E6776F}"
EndProject
Project("{2150E333-8FDC-42A3-9474-1A3956D46DE8}") = "micrservice", "micrservice", "{8782971C-661D-46A8-81E3-07FB2A591936}"
EndProject
Project("{9A19103F-16F7-4668-BE54-9A1E7A4F7556}") = "UserServiceDefination", "UserServiceDefination\UserServiceDefination.csproj", "{DDA176ED-252F-44FA-BF5E-358C326E8AEB}"
EndProject
Project("{9A19103F-16F7-4668-BE54-9A1E7A4F7556}") = "UserService", "UserService\UserService.csproj", "{CA30D887-5F56-43DC-9ADA-F579CD7B5AC0}"
EndProject
Project("{9A19103F-16F7-4668-BE54-9A1E7A4F7556}") = "UserHost", "UserHost\UserHost.csproj", "{96BCE1BD-1E54-4479-B3A3-75FAA0EC684F}"
EndProject
Project("{9A19103F-16F7-4668-BE54-9A1E7A4F7556}") = "ClientTest", "ClientTest\ClientTest.csproj", "{F2CD7CAF-61F4-4225-A785-093483C7ACCE}"
EndProject
Project("{9A19103F-16F7-4668-BE54-9A1E7A4F7556}") = "ConsoleApp1", "ConsoleApp1\ConsoleApp1.csproj", "{2643A770-B07B-444A-B6C3-CEF0370DC5BB}"
EndProject
Project("{FAE04EC0-301F-11D3-BF4B-00C04F79EFBC}") = "ConsoleApp2", "ConsoleApp2\ConsoleApp2.csproj", "{E2233F84-B108-4A33-8E9A-DF67BFC6D927}"
EndProject
Project("{9A19103F-16F7-4668-BE54-9A1E7A4F7556}") = "ConsoleApp3", "ConsoleApp3\ConsoleApp3.csproj", "{4DE486C7-E870-46F1-AB80-E80FF0FEFF7C}"
EndProject
Project("{9A19103F-16F7-4668-BE54-9A1E7A4F7556}") = "AutofacTest", "AutofacTest\AutofacTest.csproj", "{8BDF9BAA-1E84-43E9-B9F5-BD97BB94F2EE}"
EndProject
Project("{9A19103F-16F7-4668-BE54-9A1E7A4F7556}") = "ConsoleApp4", "ConsoleApp4\ConsoleApp4.csproj", "{087CB7BA-0B85-4BE5-92E5-9415992EF475}"
EndProject
Project("{9A19103F-16F7-4668-BE54-9A1E7A4F7556}") = "代理模式", "代理模式\代理模式.csproj", "{C934BCB3-7B79-46DD-81D8-BE36CC669A82}"
EndProject
Project("{9A19103F-16F7-4668-BE54-9A1E7A4F7556}") = "ConsoleApp5", "ConsoleApp5\ConsoleApp5.csproj", "{A6ED90A5-C086-4BA1-AED9-0A5C102A9CE4}"
EndProject
Project("{9A19103F-16F7-4668-BE54-9A1E7A4F7556}") = "EFCore.DomainModels", "EFCore.DomainModels\EFCore.DomainModels.csproj", "{2258554C-97D2-40D9-8BCB-7F264E15C9E1}"
EndProject
Project("{9A19103F-16F7-4668-BE54-9A1E7A4F7556}") = "EFCore.Data", "EFCore.Data\EFCore.Data.csproj", "{6C1570B7-0BD2-482D-91A1-2E01600907E4}"
EndProject
Project("{9A19103F-16F7-4668-BE54-9A1E7A4F7556}") = "ConsoleApp6", "ConsoleApp6\ConsoleApp6.csproj", "{9CB55746-41B7-456B-93E8-55BD1271A377}"
EndProject
Project("{9A19103F-16F7-4668-BE54-9A1E7A4F7556}") = "AutoFacAopDemo", "AutoFacAopDemo\AutoFacAopDemo.csproj", "{9A0CF128-4EBF-4906-91F4-8EFAEFC4BC87}"
EndProject
Project("{9A19103F-16F7-4668-BE54-9A1E7A4F7556}") = "LeetCodeContinue", "LeetCodeContinue\LeetCodeContinue.csproj", "{0E4EDB96-C997-4D56-ADEE-76676D6D0BC2}"
EndProject
Project("{9A19103F-16F7-4668-BE54-9A1E7A4F7556}") = "EmitDemo", "EmitDemo\EmitDemo.csproj", "{B8AAA7FD-7757-4BB7-864F-0552657F4252}"
EndProject
Project("{FAE04EC0-301F-11D3-BF4B-00C04F79EFBC}") = "SupperSocketDome1", "SupperSocketDome1\SupperSocketDome1.csproj", "{223AEC69-B9CB-44BD-8DAE-156EBDDB6545}"
EndProject
Project("{FAE04EC0-301F-11D3-BF4B-00C04F79EFBC}") = "SocketServer", "SocketServer\SocketServer.csproj", "{420AEC22-12BB-4E09-B2C9-10D834AACD4B}"
EndProject
Project("{FAE04EC0-301F-11D3-BF4B-00C04F79EFBC}") = "SourceDebugging", "SourceDebugging\SourceDebugging.csproj", "{0BFD1BD1-F539-462E-9A59-0DBB6D67F995}"
EndProject
Project("{2150E333-8FDC-42A3-9474-1A3956D46DE8}") = "Games101", "Games101", "{2273A728-455D-4F7C-B015-FFD06A09BA33}"
EndProject
Project("{9A19103F-16F7-4668-BE54-9A1E7A4F7556}") = "HM1", "HM1\HM1.csproj", "{5504A179-0E66-4E78-9B3F-264D901BA1C4}"
EndProject
Project("{9A19103F-16F7-4668-BE54-9A1E7A4F7556}") = "HM2", "HM2\HM2.csproj", "{284B7120-C2CC-4D0F-AC15-E3099E607480}"
EndProject
Project("{9A19103F-16F7-4668-BE54-9A1E7A4F7556}") = "HM3", "HM3\HM3.csproj", "{9A227054-DB48-4FF5-909B-8361F5CDC8DD}"
EndProject
Global
	GlobalSection(SolutionConfigurationPlatforms) = preSolution
		Debug|Any CPU = Debug|Any CPU
		Release|Any CPU = Release|Any CPU
	EndGlobalSection
	GlobalSection(ProjectConfigurationPlatforms) = postSolution
		{D202F9E5-FDFE-4547-861C-9FB3F0144DB4}.Debug|Any CPU.ActiveCfg = Debug|Any CPU
		{D202F9E5-FDFE-4547-861C-9FB3F0144DB4}.Debug|Any CPU.Build.0 = Debug|Any CPU
		{D202F9E5-FDFE-4547-861C-9FB3F0144DB4}.Release|Any CPU.ActiveCfg = Release|Any CPU
		{D202F9E5-FDFE-4547-861C-9FB3F0144DB4}.Release|Any CPU.Build.0 = Release|Any CPU
		{A6E39205-039C-4F91-A409-9CF08BE7AED0}.Debug|Any CPU.ActiveCfg = Debug|Any CPU
		{A6E39205-039C-4F91-A409-9CF08BE7AED0}.Debug|Any CPU.Build.0 = Debug|Any CPU
		{A6E39205-039C-4F91-A409-9CF08BE7AED0}.Release|Any CPU.ActiveCfg = Release|Any CPU
		{A6E39205-039C-4F91-A409-9CF08BE7AED0}.Release|Any CPU.Build.0 = Release|Any CPU
		{99B0E852-AE74-4B23-A3BD-F2BA89448B79}.Debug|Any CPU.ActiveCfg = Debug|Any CPU
		{99B0E852-AE74-4B23-A3BD-F2BA89448B79}.Debug|Any CPU.Build.0 = Debug|Any CPU
		{99B0E852-AE74-4B23-A3BD-F2BA89448B79}.Release|Any CPU.ActiveCfg = Release|Any CPU
		{99B0E852-AE74-4B23-A3BD-F2BA89448B79}.Release|Any CPU.Build.0 = Release|Any CPU
		{6A45C7B6-F2DF-4BB1-A9EB-3C491DBCB14F}.Debug|Any CPU.ActiveCfg = Debug|Any CPU
		{6A45C7B6-F2DF-4BB1-A9EB-3C491DBCB14F}.Debug|Any CPU.Build.0 = Debug|Any CPU
		{6A45C7B6-F2DF-4BB1-A9EB-3C491DBCB14F}.Release|Any CPU.ActiveCfg = Release|Any CPU
		{6A45C7B6-F2DF-4BB1-A9EB-3C491DBCB14F}.Release|Any CPU.Build.0 = Release|Any CPU
		{F5C57D10-7DCA-471E-923B-572AF7B8CC2D}.Debug|Any CPU.ActiveCfg = Debug|Any CPU
		{F5C57D10-7DCA-471E-923B-572AF7B8CC2D}.Debug|Any CPU.Build.0 = Debug|Any CPU
		{F5C57D10-7DCA-471E-923B-572AF7B8CC2D}.Release|Any CPU.ActiveCfg = Release|Any CPU
		{F5C57D10-7DCA-471E-923B-572AF7B8CC2D}.Release|Any CPU.Build.0 = Release|Any CPU
		{06F691EB-18BF-477D-82B8-F4C1A48B5E8B}.Debug|Any CPU.ActiveCfg = Debug|Any CPU
		{06F691EB-18BF-477D-82B8-F4C1A48B5E8B}.Debug|Any CPU.Build.0 = Debug|Any CPU
		{06F691EB-18BF-477D-82B8-F4C1A48B5E8B}.Release|Any CPU.ActiveCfg = Release|Any CPU
		{06F691EB-18BF-477D-82B8-F4C1A48B5E8B}.Release|Any CPU.Build.0 = Release|Any CPU
		{E4B245E9-312D-4004-8C5A-CEE94A231B08}.Debug|Any CPU.ActiveCfg = Debug|Any CPU
		{E4B245E9-312D-4004-8C5A-CEE94A231B08}.Debug|Any CPU.Build.0 = Debug|Any CPU
		{E4B245E9-312D-4004-8C5A-CEE94A231B08}.Release|Any CPU.ActiveCfg = Release|Any CPU
		{E4B245E9-312D-4004-8C5A-CEE94A231B08}.Release|Any CPU.Build.0 = Release|Any CPU
		{F556606C-75E5-4711-B4FA-E7F449E1BE14}.Debug|Any CPU.ActiveCfg = Debug|Any CPU
		{F556606C-75E5-4711-B4FA-E7F449E1BE14}.Debug|Any CPU.Build.0 = Debug|Any CPU
		{F556606C-75E5-4711-B4FA-E7F449E1BE14}.Release|Any CPU.ActiveCfg = Release|Any CPU
		{F556606C-75E5-4711-B4FA-E7F449E1BE14}.Release|Any CPU.Build.0 = Release|Any CPU
		{337DDAD3-E6C1-4A29-85F5-FACE3807F4D9}.Debug|Any CPU.ActiveCfg = Debug|Any CPU
		{337DDAD3-E6C1-4A29-85F5-FACE3807F4D9}.Debug|Any CPU.Build.0 = Debug|Any CPU
		{337DDAD3-E6C1-4A29-85F5-FACE3807F4D9}.Release|Any CPU.ActiveCfg = Release|Any CPU
		{337DDAD3-E6C1-4A29-85F5-FACE3807F4D9}.Release|Any CPU.Build.0 = Release|Any CPU
		{4B84C473-3A43-428A-B917-25BFF6C47CE3}.Debug|Any CPU.ActiveCfg = Debug|Any CPU
		{4B84C473-3A43-428A-B917-25BFF6C47CE3}.Debug|Any CPU.Build.0 = Debug|Any CPU
		{4B84C473-3A43-428A-B917-25BFF6C47CE3}.Release|Any CPU.ActiveCfg = Release|Any CPU
		{4B84C473-3A43-428A-B917-25BFF6C47CE3}.Release|Any CPU.Build.0 = Release|Any CPU
		{8F3F9A32-A036-40CF-8A84-7EA29219891D}.Debug|Any CPU.ActiveCfg = Debug|Any CPU
		{8F3F9A32-A036-40CF-8A84-7EA29219891D}.Debug|Any CPU.Build.0 = Debug|Any CPU
		{8F3F9A32-A036-40CF-8A84-7EA29219891D}.Release|Any CPU.ActiveCfg = Release|Any CPU
		{8F3F9A32-A036-40CF-8A84-7EA29219891D}.Release|Any CPU.Build.0 = Release|Any CPU
		{334452B4-5FAF-43E4-8A12-496CC5ADC5B7}.Debug|Any CPU.ActiveCfg = Debug|Any CPU
		{334452B4-5FAF-43E4-8A12-496CC5ADC5B7}.Debug|Any CPU.Build.0 = Debug|Any CPU
		{334452B4-5FAF-43E4-8A12-496CC5ADC5B7}.Release|Any CPU.ActiveCfg = Release|Any CPU
		{334452B4-5FAF-43E4-8A12-496CC5ADC5B7}.Release|Any CPU.Build.0 = Release|Any CPU
		{2C3DCE42-512F-40A3-BFCA-1F8CA463BE7B}.Debug|Any CPU.ActiveCfg = Debug|Any CPU
		{2C3DCE42-512F-40A3-BFCA-1F8CA463BE7B}.Debug|Any CPU.Build.0 = Debug|Any CPU
		{2C3DCE42-512F-40A3-BFCA-1F8CA463BE7B}.Release|Any CPU.ActiveCfg = Release|Any CPU
		{2C3DCE42-512F-40A3-BFCA-1F8CA463BE7B}.Release|Any CPU.Build.0 = Release|Any CPU
		{07A2082B-908A-4AE9-9821-9FD3A470FED6}.Debug|Any CPU.ActiveCfg = Debug|Any CPU
		{07A2082B-908A-4AE9-9821-9FD3A470FED6}.Debug|Any CPU.Build.0 = Debug|Any CPU
		{07A2082B-908A-4AE9-9821-9FD3A470FED6}.Release|Any CPU.ActiveCfg = Release|Any CPU
		{07A2082B-908A-4AE9-9821-9FD3A470FED6}.Release|Any CPU.Build.0 = Release|Any CPU
		{5CAA61AD-987C-41F1-8E29-67923F61EC3C}.Debug|Any CPU.ActiveCfg = Debug|Any CPU
		{5CAA61AD-987C-41F1-8E29-67923F61EC3C}.Debug|Any CPU.Build.0 = Debug|Any CPU
		{5CAA61AD-987C-41F1-8E29-67923F61EC3C}.Release|Any CPU.ActiveCfg = Release|Any CPU
		{5CAA61AD-987C-41F1-8E29-67923F61EC3C}.Release|Any CPU.Build.0 = Release|Any CPU
		{85238CE7-D0B6-4CEC-89FB-8DB9D19DA53C}.Debug|Any CPU.ActiveCfg = Debug|Any CPU
		{85238CE7-D0B6-4CEC-89FB-8DB9D19DA53C}.Debug|Any CPU.Build.0 = Debug|Any CPU
		{85238CE7-D0B6-4CEC-89FB-8DB9D19DA53C}.Release|Any CPU.ActiveCfg = Release|Any CPU
		{85238CE7-D0B6-4CEC-89FB-8DB9D19DA53C}.Release|Any CPU.Build.0 = Release|Any CPU
		{8827344D-6AED-41CA-AD71-C4D124A23CB6}.Debug|Any CPU.ActiveCfg = Debug|Any CPU
		{8827344D-6AED-41CA-AD71-C4D124A23CB6}.Debug|Any CPU.Build.0 = Debug|Any CPU
		{8827344D-6AED-41CA-AD71-C4D124A23CB6}.Release|Any CPU.ActiveCfg = Release|Any CPU
		{8827344D-6AED-41CA-AD71-C4D124A23CB6}.Release|Any CPU.Build.0 = Release|Any CPU
		{FE83D56E-1510-473B-ABA3-247BDEF75EC9}.Debug|Any CPU.ActiveCfg = Debug|Any CPU
		{FE83D56E-1510-473B-ABA3-247BDEF75EC9}.Debug|Any CPU.Build.0 = Debug|Any CPU
		{FE83D56E-1510-473B-ABA3-247BDEF75EC9}.Release|Any CPU.ActiveCfg = Release|Any CPU
		{FE83D56E-1510-473B-ABA3-247BDEF75EC9}.Release|Any CPU.Build.0 = Release|Any CPU
		{BA1A96DD-13E2-4322-8FF9-A19CC72836BC}.Debug|Any CPU.ActiveCfg = Debug|Any CPU
		{BA1A96DD-13E2-4322-8FF9-A19CC72836BC}.Debug|Any CPU.Build.0 = Debug|Any CPU
		{BA1A96DD-13E2-4322-8FF9-A19CC72836BC}.Release|Any CPU.ActiveCfg = Release|Any CPU
		{BA1A96DD-13E2-4322-8FF9-A19CC72836BC}.Release|Any CPU.Build.0 = Release|Any CPU
		{3EF6C39A-7B4B-4E15-841C-AF3821FA44A5}.Debug|Any CPU.ActiveCfg = Debug|Any CPU
		{3EF6C39A-7B4B-4E15-841C-AF3821FA44A5}.Debug|Any CPU.Build.0 = Debug|Any CPU
		{3EF6C39A-7B4B-4E15-841C-AF3821FA44A5}.Release|Any CPU.ActiveCfg = Release|Any CPU
		{3EF6C39A-7B4B-4E15-841C-AF3821FA44A5}.Release|Any CPU.Build.0 = Release|Any CPU
		{F4061AE2-D682-42D5-8F49-5DB43B7831F2}.Debug|Any CPU.ActiveCfg = Debug|Any CPU
		{F4061AE2-D682-42D5-8F49-5DB43B7831F2}.Debug|Any CPU.Build.0 = Debug|Any CPU
		{F4061AE2-D682-42D5-8F49-5DB43B7831F2}.Release|Any CPU.ActiveCfg = Release|Any CPU
		{F4061AE2-D682-42D5-8F49-5DB43B7831F2}.Release|Any CPU.Build.0 = Release|Any CPU
		{AB5F1C0A-A472-4E02-9B8A-F39ED9BF035D}.Debug|Any CPU.ActiveCfg = Debug|Any CPU
		{AB5F1C0A-A472-4E02-9B8A-F39ED9BF035D}.Debug|Any CPU.Build.0 = Debug|Any CPU
		{AB5F1C0A-A472-4E02-9B8A-F39ED9BF035D}.Release|Any CPU.ActiveCfg = Release|Any CPU
		{AB5F1C0A-A472-4E02-9B8A-F39ED9BF035D}.Release|Any CPU.Build.0 = Release|Any CPU
		{CD95E6B6-6F58-48DC-A75A-05CC3F85556A}.Debug|Any CPU.ActiveCfg = Debug|Any CPU
		{CD95E6B6-6F58-48DC-A75A-05CC3F85556A}.Debug|Any CPU.Build.0 = Debug|Any CPU
		{CD95E6B6-6F58-48DC-A75A-05CC3F85556A}.Release|Any CPU.ActiveCfg = Release|Any CPU
		{CD95E6B6-6F58-48DC-A75A-05CC3F85556A}.Release|Any CPU.Build.0 = Release|Any CPU
		{148C8768-7790-435F-883B-66AB368DBB8B}.Debug|Any CPU.ActiveCfg = Debug|Any CPU
		{148C8768-7790-435F-883B-66AB368DBB8B}.Debug|Any CPU.Build.0 = Debug|Any CPU
		{148C8768-7790-435F-883B-66AB368DBB8B}.Release|Any CPU.ActiveCfg = Release|Any CPU
		{148C8768-7790-435F-883B-66AB368DBB8B}.Release|Any CPU.Build.0 = Release|Any CPU
		{3C0B9770-4474-4624-AE46-FAA36C916E1E}.Debug|Any CPU.ActiveCfg = Debug|Any CPU
		{3C0B9770-4474-4624-AE46-FAA36C916E1E}.Debug|Any CPU.Build.0 = Debug|Any CPU
		{3C0B9770-4474-4624-AE46-FAA36C916E1E}.Release|Any CPU.ActiveCfg = Release|Any CPU
		{3C0B9770-4474-4624-AE46-FAA36C916E1E}.Release|Any CPU.Build.0 = Release|Any CPU
		{89C50E02-7CE9-4E25-AE53-099A362030BA}.Debug|Any CPU.ActiveCfg = Debug|Any CPU
		{89C50E02-7CE9-4E25-AE53-099A362030BA}.Debug|Any CPU.Build.0 = Debug|Any CPU
		{89C50E02-7CE9-4E25-AE53-099A362030BA}.Release|Any CPU.ActiveCfg = Release|Any CPU
		{89C50E02-7CE9-4E25-AE53-099A362030BA}.Release|Any CPU.Build.0 = Release|Any CPU
		{6C28A8B7-691A-4BDE-889D-816B15A68BF3}.Debug|Any CPU.ActiveCfg = Debug|Any CPU
		{6C28A8B7-691A-4BDE-889D-816B15A68BF3}.Debug|Any CPU.Build.0 = Debug|Any CPU
		{6C28A8B7-691A-4BDE-889D-816B15A68BF3}.Release|Any CPU.ActiveCfg = Release|Any CPU
		{6C28A8B7-691A-4BDE-889D-816B15A68BF3}.Release|Any CPU.Build.0 = Release|Any CPU
		{ACE0F912-9D9C-4359-9EBC-593EAD064685}.Debug|Any CPU.ActiveCfg = Debug|Any CPU
		{ACE0F912-9D9C-4359-9EBC-593EAD064685}.Debug|Any CPU.Build.0 = Debug|Any CPU
		{ACE0F912-9D9C-4359-9EBC-593EAD064685}.Release|Any CPU.ActiveCfg = Release|Any CPU
		{ACE0F912-9D9C-4359-9EBC-593EAD064685}.Release|Any CPU.Build.0 = Release|Any CPU
		{4CCDE1C3-DB38-4A0A-B840-25A04956A08A}.Debug|Any CPU.ActiveCfg = Debug|Any CPU
		{4CCDE1C3-DB38-4A0A-B840-25A04956A08A}.Debug|Any CPU.Build.0 = Debug|Any CPU
		{4CCDE1C3-DB38-4A0A-B840-25A04956A08A}.Release|Any CPU.ActiveCfg = Release|Any CPU
		{4CCDE1C3-DB38-4A0A-B840-25A04956A08A}.Release|Any CPU.Build.0 = Release|Any CPU
		{82680E09-988E-4C23-A899-E7D8AB439512}.Debug|Any CPU.ActiveCfg = Debug|Any CPU
		{82680E09-988E-4C23-A899-E7D8AB439512}.Debug|Any CPU.Build.0 = Debug|Any CPU
		{82680E09-988E-4C23-A899-E7D8AB439512}.Release|Any CPU.ActiveCfg = Release|Any CPU
		{82680E09-988E-4C23-A899-E7D8AB439512}.Release|Any CPU.Build.0 = Release|Any CPU
		{BF6C663B-306A-437B-9926-D21C7965845F}.Debug|Any CPU.ActiveCfg = Debug|Any CPU
		{BF6C663B-306A-437B-9926-D21C7965845F}.Debug|Any CPU.Build.0 = Debug|Any CPU
		{BF6C663B-306A-437B-9926-D21C7965845F}.Release|Any CPU.ActiveCfg = Release|Any CPU
		{BF6C663B-306A-437B-9926-D21C7965845F}.Release|Any CPU.Build.0 = Release|Any CPU
		{373B7918-32E8-477B-BC58-C9E2441EFB4D}.Debug|Any CPU.ActiveCfg = Debug|Any CPU
		{373B7918-32E8-477B-BC58-C9E2441EFB4D}.Debug|Any CPU.Build.0 = Debug|Any CPU
		{373B7918-32E8-477B-BC58-C9E2441EFB4D}.Release|Any CPU.ActiveCfg = Release|Any CPU
		{373B7918-32E8-477B-BC58-C9E2441EFB4D}.Release|Any CPU.Build.0 = Release|Any CPU
		{EA75C0B6-7C03-40CB-8C57-2EF5426A0569}.Debug|Any CPU.ActiveCfg = Debug|Any CPU
		{EA75C0B6-7C03-40CB-8C57-2EF5426A0569}.Debug|Any CPU.Build.0 = Debug|Any CPU
		{EA75C0B6-7C03-40CB-8C57-2EF5426A0569}.Release|Any CPU.ActiveCfg = Release|Any CPU
		{EA75C0B6-7C03-40CB-8C57-2EF5426A0569}.Release|Any CPU.Build.0 = Release|Any CPU
		{7577CCBC-9B37-4F6F-8F4B-E7EB701CB9EB}.Debug|Any CPU.ActiveCfg = Debug|Any CPU
		{7577CCBC-9B37-4F6F-8F4B-E7EB701CB9EB}.Debug|Any CPU.Build.0 = Debug|Any CPU
		{7577CCBC-9B37-4F6F-8F4B-E7EB701CB9EB}.Release|Any CPU.ActiveCfg = Release|Any CPU
		{7577CCBC-9B37-4F6F-8F4B-E7EB701CB9EB}.Release|Any CPU.Build.0 = Release|Any CPU
		{FBD834FC-7D63-4820-AA05-77ECF840E792}.Debug|Any CPU.ActiveCfg = Debug|Any CPU
		{FBD834FC-7D63-4820-AA05-77ECF840E792}.Debug|Any CPU.Build.0 = Debug|Any CPU
		{FBD834FC-7D63-4820-AA05-77ECF840E792}.Release|Any CPU.ActiveCfg = Release|Any CPU
		{FBD834FC-7D63-4820-AA05-77ECF840E792}.Release|Any CPU.Build.0 = Release|Any CPU
		{CC6618BC-7DA9-4487-A302-8DCB947C6EDA}.Debug|Any CPU.ActiveCfg = Debug|Any CPU
		{CC6618BC-7DA9-4487-A302-8DCB947C6EDA}.Debug|Any CPU.Build.0 = Debug|Any CPU
		{CC6618BC-7DA9-4487-A302-8DCB947C6EDA}.Release|Any CPU.ActiveCfg = Release|Any CPU
		{CC6618BC-7DA9-4487-A302-8DCB947C6EDA}.Release|Any CPU.Build.0 = Release|Any CPU
		{9FA86B45-37D9-478D-B875-EDF029E6776F}.Debug|Any CPU.ActiveCfg = Debug|Any CPU
		{9FA86B45-37D9-478D-B875-EDF029E6776F}.Debug|Any CPU.Build.0 = Debug|Any CPU
		{9FA86B45-37D9-478D-B875-EDF029E6776F}.Release|Any CPU.ActiveCfg = Release|Any CPU
		{9FA86B45-37D9-478D-B875-EDF029E6776F}.Release|Any CPU.Build.0 = Release|Any CPU
		{DDA176ED-252F-44FA-BF5E-358C326E8AEB}.Debug|Any CPU.ActiveCfg = Debug|Any CPU
		{DDA176ED-252F-44FA-BF5E-358C326E8AEB}.Debug|Any CPU.Build.0 = Debug|Any CPU
		{DDA176ED-252F-44FA-BF5E-358C326E8AEB}.Release|Any CPU.ActiveCfg = Release|Any CPU
		{DDA176ED-252F-44FA-BF5E-358C326E8AEB}.Release|Any CPU.Build.0 = Release|Any CPU
		{CA30D887-5F56-43DC-9ADA-F579CD7B5AC0}.Debug|Any CPU.ActiveCfg = Debug|Any CPU
		{CA30D887-5F56-43DC-9ADA-F579CD7B5AC0}.Debug|Any CPU.Build.0 = Debug|Any CPU
		{CA30D887-5F56-43DC-9ADA-F579CD7B5AC0}.Release|Any CPU.ActiveCfg = Release|Any CPU
		{CA30D887-5F56-43DC-9ADA-F579CD7B5AC0}.Release|Any CPU.Build.0 = Release|Any CPU
		{96BCE1BD-1E54-4479-B3A3-75FAA0EC684F}.Debug|Any CPU.ActiveCfg = Debug|Any CPU
		{96BCE1BD-1E54-4479-B3A3-75FAA0EC684F}.Debug|Any CPU.Build.0 = Debug|Any CPU
		{96BCE1BD-1E54-4479-B3A3-75FAA0EC684F}.Release|Any CPU.ActiveCfg = Release|Any CPU
		{96BCE1BD-1E54-4479-B3A3-75FAA0EC684F}.Release|Any CPU.Build.0 = Release|Any CPU
		{F2CD7CAF-61F4-4225-A785-093483C7ACCE}.Debug|Any CPU.ActiveCfg = Debug|Any CPU
		{F2CD7CAF-61F4-4225-A785-093483C7ACCE}.Debug|Any CPU.Build.0 = Debug|Any CPU
		{F2CD7CAF-61F4-4225-A785-093483C7ACCE}.Release|Any CPU.ActiveCfg = Release|Any CPU
		{F2CD7CAF-61F4-4225-A785-093483C7ACCE}.Release|Any CPU.Build.0 = Release|Any CPU
		{2643A770-B07B-444A-B6C3-CEF0370DC5BB}.Debug|Any CPU.ActiveCfg = Debug|Any CPU
		{2643A770-B07B-444A-B6C3-CEF0370DC5BB}.Debug|Any CPU.Build.0 = Debug|Any CPU
		{2643A770-B07B-444A-B6C3-CEF0370DC5BB}.Release|Any CPU.ActiveCfg = Release|Any CPU
		{2643A770-B07B-444A-B6C3-CEF0370DC5BB}.Release|Any CPU.Build.0 = Release|Any CPU
		{E2233F84-B108-4A33-8E9A-DF67BFC6D927}.Debug|Any CPU.ActiveCfg = Debug|Any CPU
		{E2233F84-B108-4A33-8E9A-DF67BFC6D927}.Debug|Any CPU.Build.0 = Debug|Any CPU
		{E2233F84-B108-4A33-8E9A-DF67BFC6D927}.Release|Any CPU.ActiveCfg = Release|Any CPU
		{E2233F84-B108-4A33-8E9A-DF67BFC6D927}.Release|Any CPU.Build.0 = Release|Any CPU
		{4DE486C7-E870-46F1-AB80-E80FF0FEFF7C}.Debug|Any CPU.ActiveCfg = Debug|Any CPU
		{4DE486C7-E870-46F1-AB80-E80FF0FEFF7C}.Debug|Any CPU.Build.0 = Debug|Any CPU
		{4DE486C7-E870-46F1-AB80-E80FF0FEFF7C}.Release|Any CPU.ActiveCfg = Release|Any CPU
		{4DE486C7-E870-46F1-AB80-E80FF0FEFF7C}.Release|Any CPU.Build.0 = Release|Any CPU
		{8BDF9BAA-1E84-43E9-B9F5-BD97BB94F2EE}.Debug|Any CPU.ActiveCfg = Debug|Any CPU
		{8BDF9BAA-1E84-43E9-B9F5-BD97BB94F2EE}.Debug|Any CPU.Build.0 = Debug|Any CPU
		{8BDF9BAA-1E84-43E9-B9F5-BD97BB94F2EE}.Release|Any CPU.ActiveCfg = Release|Any CPU
		{8BDF9BAA-1E84-43E9-B9F5-BD97BB94F2EE}.Release|Any CPU.Build.0 = Release|Any CPU
		{087CB7BA-0B85-4BE5-92E5-9415992EF475}.Debug|Any CPU.ActiveCfg = Debug|Any CPU
		{087CB7BA-0B85-4BE5-92E5-9415992EF475}.Debug|Any CPU.Build.0 = Debug|Any CPU
		{087CB7BA-0B85-4BE5-92E5-9415992EF475}.Release|Any CPU.ActiveCfg = Release|Any CPU
		{087CB7BA-0B85-4BE5-92E5-9415992EF475}.Release|Any CPU.Build.0 = Release|Any CPU
		{C934BCB3-7B79-46DD-81D8-BE36CC669A82}.Debug|Any CPU.ActiveCfg = Debug|Any CPU
		{C934BCB3-7B79-46DD-81D8-BE36CC669A82}.Debug|Any CPU.Build.0 = Debug|Any CPU
		{C934BCB3-7B79-46DD-81D8-BE36CC669A82}.Release|Any CPU.ActiveCfg = Release|Any CPU
		{C934BCB3-7B79-46DD-81D8-BE36CC669A82}.Release|Any CPU.Build.0 = Release|Any CPU
		{A6ED90A5-C086-4BA1-AED9-0A5C102A9CE4}.Debug|Any CPU.ActiveCfg = Debug|Any CPU
		{A6ED90A5-C086-4BA1-AED9-0A5C102A9CE4}.Debug|Any CPU.Build.0 = Debug|Any CPU
		{A6ED90A5-C086-4BA1-AED9-0A5C102A9CE4}.Release|Any CPU.ActiveCfg = Release|Any CPU
		{A6ED90A5-C086-4BA1-AED9-0A5C102A9CE4}.Release|Any CPU.Build.0 = Release|Any CPU
		{2258554C-97D2-40D9-8BCB-7F264E15C9E1}.Debug|Any CPU.ActiveCfg = Debug|Any CPU
		{2258554C-97D2-40D9-8BCB-7F264E15C9E1}.Debug|Any CPU.Build.0 = Debug|Any CPU
		{2258554C-97D2-40D9-8BCB-7F264E15C9E1}.Release|Any CPU.ActiveCfg = Release|Any CPU
		{2258554C-97D2-40D9-8BCB-7F264E15C9E1}.Release|Any CPU.Build.0 = Release|Any CPU
		{6C1570B7-0BD2-482D-91A1-2E01600907E4}.Debug|Any CPU.ActiveCfg = Debug|Any CPU
		{6C1570B7-0BD2-482D-91A1-2E01600907E4}.Debug|Any CPU.Build.0 = Debug|Any CPU
		{6C1570B7-0BD2-482D-91A1-2E01600907E4}.Release|Any CPU.ActiveCfg = Release|Any CPU
		{6C1570B7-0BD2-482D-91A1-2E01600907E4}.Release|Any CPU.Build.0 = Release|Any CPU
		{9CB55746-41B7-456B-93E8-55BD1271A377}.Debug|Any CPU.ActiveCfg = Debug|Any CPU
		{9CB55746-41B7-456B-93E8-55BD1271A377}.Debug|Any CPU.Build.0 = Debug|Any CPU
		{9CB55746-41B7-456B-93E8-55BD1271A377}.Release|Any CPU.ActiveCfg = Release|Any CPU
		{9CB55746-41B7-456B-93E8-55BD1271A377}.Release|Any CPU.Build.0 = Release|Any CPU
		{9A0CF128-4EBF-4906-91F4-8EFAEFC4BC87}.Debug|Any CPU.ActiveCfg = Debug|Any CPU
		{9A0CF128-4EBF-4906-91F4-8EFAEFC4BC87}.Debug|Any CPU.Build.0 = Debug|Any CPU
		{9A0CF128-4EBF-4906-91F4-8EFAEFC4BC87}.Release|Any CPU.ActiveCfg = Release|Any CPU
		{9A0CF128-4EBF-4906-91F4-8EFAEFC4BC87}.Release|Any CPU.Build.0 = Release|Any CPU
		{0E4EDB96-C997-4D56-ADEE-76676D6D0BC2}.Debug|Any CPU.ActiveCfg = Debug|Any CPU
		{0E4EDB96-C997-4D56-ADEE-76676D6D0BC2}.Debug|Any CPU.Build.0 = Debug|Any CPU
		{0E4EDB96-C997-4D56-ADEE-76676D6D0BC2}.Release|Any CPU.ActiveCfg = Release|Any CPU
		{0E4EDB96-C997-4D56-ADEE-76676D6D0BC2}.Release|Any CPU.Build.0 = Release|Any CPU
		{B8AAA7FD-7757-4BB7-864F-0552657F4252}.Debug|Any CPU.ActiveCfg = Debug|Any CPU
		{B8AAA7FD-7757-4BB7-864F-0552657F4252}.Debug|Any CPU.Build.0 = Debug|Any CPU
		{B8AAA7FD-7757-4BB7-864F-0552657F4252}.Release|Any CPU.ActiveCfg = Release|Any CPU
		{B8AAA7FD-7757-4BB7-864F-0552657F4252}.Release|Any CPU.Build.0 = Release|Any CPU
		{223AEC69-B9CB-44BD-8DAE-156EBDDB6545}.Debug|Any CPU.ActiveCfg = Debug|Any CPU
		{223AEC69-B9CB-44BD-8DAE-156EBDDB6545}.Debug|Any CPU.Build.0 = Debug|Any CPU
		{223AEC69-B9CB-44BD-8DAE-156EBDDB6545}.Release|Any CPU.ActiveCfg = Release|Any CPU
		{223AEC69-B9CB-44BD-8DAE-156EBDDB6545}.Release|Any CPU.Build.0 = Release|Any CPU
		{420AEC22-12BB-4E09-B2C9-10D834AACD4B}.Debug|Any CPU.ActiveCfg = Debug|Any CPU
		{420AEC22-12BB-4E09-B2C9-10D834AACD4B}.Debug|Any CPU.Build.0 = Debug|Any CPU
		{420AEC22-12BB-4E09-B2C9-10D834AACD4B}.Release|Any CPU.ActiveCfg = Release|Any CPU
		{420AEC22-12BB-4E09-B2C9-10D834AACD4B}.Release|Any CPU.Build.0 = Release|Any CPU
		{0BFD1BD1-F539-462E-9A59-0DBB6D67F995}.Debug|Any CPU.ActiveCfg = Debug|Any CPU
		{0BFD1BD1-F539-462E-9A59-0DBB6D67F995}.Debug|Any CPU.Build.0 = Debug|Any CPU
		{0BFD1BD1-F539-462E-9A59-0DBB6D67F995}.Release|Any CPU.ActiveCfg = Release|Any CPU
		{0BFD1BD1-F539-462E-9A59-0DBB6D67F995}.Release|Any CPU.Build.0 = Release|Any CPU
		{5504A179-0E66-4E78-9B3F-264D901BA1C4}.Debug|Any CPU.ActiveCfg = Debug|Any CPU
		{5504A179-0E66-4E78-9B3F-264D901BA1C4}.Debug|Any CPU.Build.0 = Debug|Any CPU
		{5504A179-0E66-4E78-9B3F-264D901BA1C4}.Release|Any CPU.ActiveCfg = Release|Any CPU
		{5504A179-0E66-4E78-9B3F-264D901BA1C4}.Release|Any CPU.Build.0 = Release|Any CPU
		{284B7120-C2CC-4D0F-AC15-E3099E607480}.Debug|Any CPU.ActiveCfg = Debug|Any CPU
		{284B7120-C2CC-4D0F-AC15-E3099E607480}.Debug|Any CPU.Build.0 = Debug|Any CPU
		{284B7120-C2CC-4D0F-AC15-E3099E607480}.Release|Any CPU.ActiveCfg = Release|Any CPU
		{284B7120-C2CC-4D0F-AC15-E3099E607480}.Release|Any CPU.Build.0 = Release|Any CPU
		{9A227054-DB48-4FF5-909B-8361F5CDC8DD}.Debug|Any CPU.ActiveCfg = Debug|Any CPU
		{9A227054-DB48-4FF5-909B-8361F5CDC8DD}.Debug|Any CPU.Build.0 = Debug|Any CPU
		{9A227054-DB48-4FF5-909B-8361F5CDC8DD}.Release|Any CPU.ActiveCfg = Release|Any CPU
		{9A227054-DB48-4FF5-909B-8361F5CDC8DD}.Release|Any CPU.Build.0 = Release|Any CPU
	EndGlobalSection
	GlobalSection(SolutionProperties) = preSolution
		HideSolutionNode = FALSE
	EndGlobalSection
	GlobalSection(NestedProjects) = preSolution
		{E4B245E9-312D-4004-8C5A-CEE94A231B08} = {28B51768-F2B6-475F-A983-0E1A6F8948C3}
		{4B84C473-3A43-428A-B917-25BFF6C47CE3} = {28B51768-F2B6-475F-A983-0E1A6F8948C3}
		{8F3F9A32-A036-40CF-8A84-7EA29219891D} = {28B51768-F2B6-475F-A983-0E1A6F8948C3}
		{334452B4-5FAF-43E4-8A12-496CC5ADC5B7} = {28B51768-F2B6-475F-A983-0E1A6F8948C3}
		{2C3DCE42-512F-40A3-BFCA-1F8CA463BE7B} = {28B51768-F2B6-475F-A983-0E1A6F8948C3}
		{07A2082B-908A-4AE9-9821-9FD3A470FED6} = {28B51768-F2B6-475F-A983-0E1A6F8948C3}
		{5CAA61AD-987C-41F1-8E29-67923F61EC3C} = {28B51768-F2B6-475F-A983-0E1A6F8948C3}
		{85238CE7-D0B6-4CEC-89FB-8DB9D19DA53C} = {28B51768-F2B6-475F-A983-0E1A6F8948C3}
		{3EF6C39A-7B4B-4E15-841C-AF3821FA44A5} = {28B51768-F2B6-475F-A983-0E1A6F8948C3}
		{F4061AE2-D682-42D5-8F49-5DB43B7831F2} = {28B51768-F2B6-475F-A983-0E1A6F8948C3}
		{AB5F1C0A-A472-4E02-9B8A-F39ED9BF035D} = {28B51768-F2B6-475F-A983-0E1A6F8948C3}
		{CD95E6B6-6F58-48DC-A75A-05CC3F85556A} = {28B51768-F2B6-475F-A983-0E1A6F8948C3}
		{89C50E02-7CE9-4E25-AE53-099A362030BA} = {28B51768-F2B6-475F-A983-0E1A6F8948C3}
		{6C28A8B7-691A-4BDE-889D-816B15A68BF3} = {28B51768-F2B6-475F-A983-0E1A6F8948C3}
		{ACE0F912-9D9C-4359-9EBC-593EAD064685} = {28B51768-F2B6-475F-A983-0E1A6F8948C3}
		{4CCDE1C3-DB38-4A0A-B840-25A04956A08A} = {28B51768-F2B6-475F-A983-0E1A6F8948C3}
		{82680E09-988E-4C23-A899-E7D8AB439512} = {28B51768-F2B6-475F-A983-0E1A6F8948C3}
		{BF6C663B-306A-437B-9926-D21C7965845F} = {28B51768-F2B6-475F-A983-0E1A6F8948C3}
		{373B7918-32E8-477B-BC58-C9E2441EFB4D} = {1691693C-03FC-4F78-9382-24CE66D286D9}
		{7577CCBC-9B37-4F6F-8F4B-E7EB701CB9EB} = {1691693C-03FC-4F78-9382-24CE66D286D9}
		{FBD834FC-7D63-4820-AA05-77ECF840E792} = {28B51768-F2B6-475F-A983-0E1A6F8948C3}
		{CC6618BC-7DA9-4487-A302-8DCB947C6EDA} = {28B51768-F2B6-475F-A983-0E1A6F8948C3}
		{9FA86B45-37D9-478D-B875-EDF029E6776F} = {28B51768-F2B6-475F-A983-0E1A6F8948C3}
		{DDA176ED-252F-44FA-BF5E-358C326E8AEB} = {8782971C-661D-46A8-81E3-07FB2A591936}
		{CA30D887-5F56-43DC-9ADA-F579CD7B5AC0} = {8782971C-661D-46A8-81E3-07FB2A591936}
		{96BCE1BD-1E54-4479-B3A3-75FAA0EC684F} = {8782971C-661D-46A8-81E3-07FB2A591936}
		{F2CD7CAF-61F4-4225-A785-093483C7ACCE} = {8782971C-661D-46A8-81E3-07FB2A591936}
		{2643A770-B07B-444A-B6C3-CEF0370DC5BB} = {28B51768-F2B6-475F-A983-0E1A6F8948C3}
		{E2233F84-B108-4A33-8E9A-DF67BFC6D927} = {28B51768-F2B6-475F-A983-0E1A6F8948C3}
		{4DE486C7-E870-46F1-AB80-E80FF0FEFF7C} = {28B51768-F2B6-475F-A983-0E1A6F8948C3}
		{8BDF9BAA-1E84-43E9-B9F5-BD97BB94F2EE} = {8782971C-661D-46A8-81E3-07FB2A591936}
		{087CB7BA-0B85-4BE5-92E5-9415992EF475} = {28B51768-F2B6-475F-A983-0E1A6F8948C3}
		{C934BCB3-7B79-46DD-81D8-BE36CC669A82} = {28B51768-F2B6-475F-A983-0E1A6F8948C3}
		{A6ED90A5-C086-4BA1-AED9-0A5C102A9CE4} = {28B51768-F2B6-475F-A983-0E1A6F8948C3}
		{2258554C-97D2-40D9-8BCB-7F264E15C9E1} = {28B51768-F2B6-475F-A983-0E1A6F8948C3}
		{6C1570B7-0BD2-482D-91A1-2E01600907E4} = {28B51768-F2B6-475F-A983-0E1A6F8948C3}
		{9CB55746-41B7-456B-93E8-55BD1271A377} = {28B51768-F2B6-475F-A983-0E1A6F8948C3}
		{9A0CF128-4EBF-4906-91F4-8EFAEFC4BC87} = {8782971C-661D-46A8-81E3-07FB2A591936}
		{0E4EDB96-C997-4D56-ADEE-76676D6D0BC2} = {1691693C-03FC-4F78-9382-24CE66D286D9}
		{5504A179-0E66-4E78-9B3F-264D901BA1C4} = {2273A728-455D-4F7C-B015-FFD06A09BA33}
		{284B7120-C2CC-4D0F-AC15-E3099E607480} = {2273A728-455D-4F7C-B015-FFD06A09BA33}
		{9A227054-DB48-4FF5-909B-8361F5CDC8DD} = {2273A728-455D-4F7C-B015-FFD06A09BA33}
	EndGlobalSection
	GlobalSection(ExtensibilityGlobals) = postSolution
		SolutionGuid = {0728A049-654A-4D17-A1E5-350AAAD0B47A}
	EndGlobalSection
EndGlobal
